
Microsoft Visual Studio Solution File, Format Version 12.00
# Visual Studio Version 16
VisualStudioVersion = 25.0.1700.0
MinimumVisualStudioVersion = 10.0.40219.1
Project("{FAE04EC0-301F-11D3-BF4B-00C04F79EFBC}") = "Voiturage", "Voiturage\Voiturage.csproj", "{C2111CBA-B270-4515-89A4-5775DD4E1945}"
EndProject
Global
	GlobalSection(SolutionConfigurationPlatforms) = preSolution
		Debug|Any CPU = Debug|Any CPU
		Release|Any CPU = Release|Any CPU
	EndGlobalSection
	GlobalSection(ProjectConfigurationPlatforms) = postSolution
		{C2111CBA-B270-4515-89A4-5775DD4E1945}.Debug|Any CPU.ActiveCfg = Debug|Any CPU
		{C2111CBA-B270-4515-89A4-5775DD4E1945}.Debug|Any CPU.Build.0 = Debug|Any CPU
		{C2111CBA-B270-4515-89A4-5775DD4E1945}.Release|Any CPU.ActiveCfg = Release|Any CPU
		{C2111CBA-B270-4515-89A4-5775DD4E1945}.Release|Any CPU.Build.0 = Release|Any CPU
	EndGlobalSection
	GlobalSection(SolutionProperties) = preSolution
		HideSolutionNode = FALSE
	EndGlobalSection
	GlobalSection(ExtensibilityGlobals) = postSolution
		SolutionGuid = {86F026B8-235C-4F4E-B3DC-7C8861954257}
	EndGlobalSection
EndGlobal
